
Microsoft Visual Studio Solution File, Format Version 12.00
# Visual Studio Version 16
VisualStudioVersion = 16.0.30406.217
MinimumVisualStudioVersion = 10.0.40219.1
Project("{9A19103F-16F7-4668-BE54-9A1E7A4F7556}") = "MovieWeb", "MovieWeb\MovieWeb.csproj", "{BDF88740-D87F-4A2C-B116-F1F4F91F34BD}"
EndProject
Project("{9A19103F-16F7-4668-BE54-9A1E7A4F7556}") = "Routing", "Routing\Routing.csproj", "{69AD4ABF-AB15-43F6-B200-BB8969167E05}"
EndProject
Project("{9A19103F-16F7-4668-BE54-9A1E7A4F7556}") = "Contactenlijst", "Contactenlijst\Contactenlijst.csproj", "{DC5BDCC6-8C86-404D-8048-2C90E001DD64}"
EndProject
Project("{9A19103F-16F7-4668-BE54-9A1E7A4F7556}") = "Ribbon", "Ribbon\Ribbon.csproj", "{0B7F71AE-3411-4FDE-B8DD-734CBBBD328B}"
EndProject
Project("{9A19103F-16F7-4668-BE54-9A1E7A4F7556}") = "UitgaveBeheer", "UitgaveBeheer\UitgaveBeheer.csproj", "{F0011FA0-1E97-41D1-AFA0-CC7DE358D108}"
EndProject
Project("{FAE04EC0-301F-11D3-BF4B-00C04F79EFBC}") = "Dependency", "Dependency\Dependency.csproj", "{7AF83C8C-1C95-4A27-8B63-D88C74E0590B}"
EndProject
Global
	GlobalSection(SolutionConfigurationPlatforms) = preSolution
		Debug|Any CPU = Debug|Any CPU
		Release|Any CPU = Release|Any CPU
	EndGlobalSection
	GlobalSection(ProjectConfigurationPlatforms) = postSolution
		{BDF88740-D87F-4A2C-B116-F1F4F91F34BD}.Debug|Any CPU.ActiveCfg = Debug|Any CPU
		{BDF88740-D87F-4A2C-B116-F1F4F91F34BD}.Debug|Any CPU.Build.0 = Debug|Any CPU
		{BDF88740-D87F-4A2C-B116-F1F4F91F34BD}.Release|Any CPU.ActiveCfg = Release|Any CPU
		{BDF88740-D87F-4A2C-B116-F1F4F91F34BD}.Release|Any CPU.Build.0 = Release|Any CPU
		{69AD4ABF-AB15-43F6-B200-BB8969167E05}.Debug|Any CPU.ActiveCfg = Debug|Any CPU
		{69AD4ABF-AB15-43F6-B200-BB8969167E05}.Debug|Any CPU.Build.0 = Debug|Any CPU
		{69AD4ABF-AB15-43F6-B200-BB8969167E05}.Release|Any CPU.ActiveCfg = Release|Any CPU
		{69AD4ABF-AB15-43F6-B200-BB8969167E05}.Release|Any CPU.Build.0 = Release|Any CPU
		{DC5BDCC6-8C86-404D-8048-2C90E001DD64}.Debug|Any CPU.ActiveCfg = Debug|Any CPU
		{DC5BDCC6-8C86-404D-8048-2C90E001DD64}.Debug|Any CPU.Build.0 = Debug|Any CPU
		{DC5BDCC6-8C86-404D-8048-2C90E001DD64}.Release|Any CPU.ActiveCfg = Release|Any CPU
		{DC5BDCC6-8C86-404D-8048-2C90E001DD64}.Release|Any CPU.Build.0 = Release|Any CPU
		{0B7F71AE-3411-4FDE-B8DD-734CBBBD328B}.Debug|Any CPU.ActiveCfg = Debug|Any CPU
		{0B7F71AE-3411-4FDE-B8DD-734CBBBD328B}.Debug|Any CPU.Build.0 = Debug|Any CPU
		{0B7F71AE-3411-4FDE-B8DD-734CBBBD328B}.Release|Any CPU.ActiveCfg = Release|Any CPU
		{0B7F71AE-3411-4FDE-B8DD-734CBBBD328B}.Release|Any CPU.Build.0 = Release|Any CPU
		{F0011FA0-1E97-41D1-AFA0-CC7DE358D108}.Debug|Any CPU.ActiveCfg = Debug|Any CPU
		{F0011FA0-1E97-41D1-AFA0-CC7DE358D108}.Debug|Any CPU.Build.0 = Debug|Any CPU
		{F0011FA0-1E97-41D1-AFA0-CC7DE358D108}.Release|Any CPU.ActiveCfg = Release|Any CPU
		{F0011FA0-1E97-41D1-AFA0-CC7DE358D108}.Release|Any CPU.Build.0 = Release|Any CPU
		{7AF83C8C-1C95-4A27-8B63-D88C74E0590B}.Debug|Any CPU.ActiveCfg = Debug|Any CPU
		{7AF83C8C-1C95-4A27-8B63-D88C74E0590B}.Debug|Any CPU.Build.0 = Debug|Any CPU
		{7AF83C8C-1C95-4A27-8B63-D88C74E0590B}.Release|Any CPU.ActiveCfg = Release|Any CPU
		{7AF83C8C-1C95-4A27-8B63-D88C74E0590B}.Release|Any CPU.Build.0 = Release|Any CPU
	EndGlobalSection
	GlobalSection(SolutionProperties) = preSolution
		HideSolutionNode = FALSE
	EndGlobalSection
	GlobalSection(ExtensibilityGlobals) = postSolution
		SolutionGuid = {6D31F15A-FBDD-42CA-87AE-882FDE1102F5}
	EndGlobalSection
EndGlobal
